github.com/SebastiaanKlippert/go-wkhtmltopdf v1.6.1 h1:Arp9w1xMGfnYFQH8don5x7b9oPQWQrUcpFquvBCFvlU=
github.com/SebastiaanKlippert/go-wkhtmltopdf v1.6.1/go.mod h1:zRBvVJtIfhaWvQ9lPIkXrtona4qqSmjZ1HfKvq4dQzI=
github.com/joho/godotenv v1.4.0 h1:3l4+N6zfMWnkbPEXKng2o2/MR5mSwTrBih4ZEkkz1lg=
github.com/joho/godotenv v1.4.0/go.mod h1:f4LDr5Voq0i2e/R5DDNOoa2zzDfwtkZa6DnEwAbqwq4=
github.com/yaa110/go-persian-calendar v1.0.2 h1:G5z6Heg4f2v4fwGSyRGXFsapr27RtrVScGsPttVyuxU=
github.com/yaa110/go-persian-calendar v1.0.2/go.mod h1:qtnmHCS9u1EiwzzSCSttGoxD5NfV9ZMzymxFCBYmqfg=
